
Microsoft Visual Studio Solution File, Format Version 12.00
# Visual Studio Version 17
VisualStudioVersion = 17.4.33213.308
MinimumVisualStudioVersion = 10.0.40219.1
Project("{FAE04EC0-301F-11D3-BF4B-00C04F79EFBC}") = "ExactusLibraryApp", "ExactusLibraryApp\ExactusLibraryApp.csproj", "{B9810E01-541C-4D8D-8C42-48B9EF4EE41D}"
EndProject
Global
	GlobalSection(SolutionConfigurationPlatforms) = preSolution
		Debug|Any CPU = Debug|Any CPU
		Release|Any CPU = Release|Any CPU
	EndGlobalSection
	GlobalSection(ProjectConfigurationPlatforms) = postSolution
		{B9810E01-541C-4D8D-8C42-48B9EF4EE41D}.Debug|Any CPU.ActiveCfg = Debug|Any CPU
		{B9810E01-541C-4D8D-8C42-48B9EF4EE41D}.Debug|Any CPU.Build.0 = Debug|Any CPU
		{B9810E01-541C-4D8D-8C42-48B9EF4EE41D}.Release|Any CPU.ActiveCfg = Release|Any CPU
		{B9810E01-541C-4D8D-8C42-48B9EF4EE41D}.Release|Any CPU.Build.0 = Release|Any CPU
	EndGlobalSection
	GlobalSection(SolutionProperties) = preSolution
		HideSolutionNode = FALSE
	EndGlobalSection
	GlobalSection(ExtensibilityGlobals) = postSolution
		SolutionGuid = {77DFA7F8-954A-4361-B2CD-991FBF842A4E}
	EndGlobalSection
EndGlobal
